
Microsoft Visual Studio Solution File, Format Version 12.00
# Visual Studio Version 16
VisualStudioVersion = 16.0.30907.101
MinimumVisualStudioVersion = 10.0.40219.1
Project("{FAE04EC0-301F-11D3-BF4B-00C04F79EFBC}") = "SimpleServer_Test", "SimpleServer_Test\SimpleServer_Test.csproj", "{5DD0AA18-8C3F-422F-B684-94F20D063555}"
EndProject
Project("{FAE04EC0-301F-11D3-BF4B-00C04F79EFBC}") = "SimpleServer", "SimpleServer\SimpleServer.csproj", "{BDDAD396-D845-4C9F-8A0F-BCB9B6104B41}"
EndProject
Global
	GlobalSection(SolutionConfigurationPlatforms) = preSolution
		Debug|Any CPU = Debug|Any CPU
		Release|Any CPU = Release|Any CPU
	EndGlobalSection
	GlobalSection(ProjectConfigurationPlatforms) = postSolution
		{5DD0AA18-8C3F-422F-B684-94F20D063555}.Debug|Any CPU.ActiveCfg = Debug|Any CPU
		{5DD0AA18-8C3F-422F-B684-94F20D063555}.Debug|Any CPU.Build.0 = Debug|Any CPU
		{5DD0AA18-8C3F-422F-B684-94F20D063555}.Release|Any CPU.ActiveCfg = Release|Any CPU
		{5DD0AA18-8C3F-422F-B684-94F20D063555}.Release|Any CPU.Build.0 = Release|Any CPU
		{BDDAD396-D845-4C9F-8A0F-BCB9B6104B41}.Debug|Any CPU.ActiveCfg = Debug|Any CPU
		{BDDAD396-D845-4C9F-8A0F-BCB9B6104B41}.Debug|Any CPU.Build.0 = Debug|Any CPU
		{BDDAD396-D845-4C9F-8A0F-BCB9B6104B41}.Release|Any CPU.ActiveCfg = Release|Any CPU
		{BDDAD396-D845-4C9F-8A0F-BCB9B6104B41}.Release|Any CPU.Build.0 = Release|Any CPU
	EndGlobalSection
	GlobalSection(SolutionProperties) = preSolution
		HideSolutionNode = FALSE
	EndGlobalSection
	GlobalSection(ExtensibilityGlobals) = postSolution
		SolutionGuid = {63E80CD2-8AEB-4032-B7F7-5ED0213BA313}
	EndGlobalSection
EndGlobal
